
Microsoft Visual Studio Solution File, Format Version 12.00
# Visual Studio Version 16
VisualStudioVersion = 16.0.32802.440
MinimumVisualStudioVersion = 10.0.40219.1
Project("{FAE04EC0-301F-11D3-BF4B-00C04F79EFBC}") = "JS2CS", "JS2CS\JS2CS.csproj", "{980983DC-77F8-4E8F-B872-70CD6AE436C6}"
EndProject
Global
	GlobalSection(SolutionConfigurationPlatforms) = preSolution
		Debug|Any CPU = Debug|Any CPU
		Release|Any CPU = Release|Any CPU
	EndGlobalSection
	GlobalSection(ProjectConfigurationPlatforms) = postSolution
		{980983DC-77F8-4E8F-B872-70CD6AE436C6}.Debug|Any CPU.ActiveCfg = Debug|Any CPU
		{980983DC-77F8-4E8F-B872-70CD6AE436C6}.Debug|Any CPU.Build.0 = Debug|Any CPU
		{980983DC-77F8-4E8F-B872-70CD6AE436C6}.Release|Any CPU.ActiveCfg = Release|Any CPU
		{980983DC-77F8-4E8F-B872-70CD6AE436C6}.Release|Any CPU.Build.0 = Release|Any CPU
	EndGlobalSection
	GlobalSection(SolutionProperties) = preSolution
		HideSolutionNode = FALSE
	EndGlobalSection
	GlobalSection(ExtensibilityGlobals) = postSolution
		SolutionGuid = {6AAA67D1-C56E-4389-AB95-3D4E636D3DEE}
	EndGlobalSection
EndGlobal
