
Microsoft Visual Studio Solution File, Format Version 12.00
# Visual Studio Version 16
VisualStudioVersion = 16.0.32602.291
MinimumVisualStudioVersion = 10.0.40219.1
Project("{FAE04EC0-301F-11D3-BF4B-00C04F79EFBC}") = "Controls", "Controls\Controls.csproj", "{57C94D5A-E128-46C3-BA41-D528A760CACF}"
EndProject
Global
	GlobalSection(SolutionConfigurationPlatforms) = preSolution
		Debug|Any CPU = Debug|Any CPU
		Release|Any CPU = Release|Any CPU
	EndGlobalSection
	GlobalSection(ProjectConfigurationPlatforms) = postSolution
		{57C94D5A-E128-46C3-BA41-D528A760CACF}.Debug|Any CPU.ActiveCfg = Debug|Any CPU
		{57C94D5A-E128-46C3-BA41-D528A760CACF}.Debug|Any CPU.Build.0 = Debug|Any CPU
		{57C94D5A-E128-46C3-BA41-D528A760CACF}.Release|Any CPU.ActiveCfg = Release|Any CPU
		{57C94D5A-E128-46C3-BA41-D528A760CACF}.Release|Any CPU.Build.0 = Release|Any CPU
	EndGlobalSection
	GlobalSection(SolutionProperties) = preSolution
		HideSolutionNode = FALSE
	EndGlobalSection
	GlobalSection(ExtensibilityGlobals) = postSolution
		SolutionGuid = {E74007EE-C825-423B-97E9-35BBB3B7FE18}
	EndGlobalSection
EndGlobal
