
Microsoft Visual Studio Solution File, Format Version 12.00
# Visual Studio Version 16
VisualStudioVersion = 16.0.32630.194
MinimumVisualStudioVersion = 10.0.40219.1
Project("{FAE04EC0-301F-11D3-BF4B-00C04F79EFBC}") = "Routing", "Routing\Routing.csproj", "{FB62CA4D-5FFB-4A59-86C0-6ECA66FC67DB}"
EndProject
Global
	GlobalSection(SolutionConfigurationPlatforms) = preSolution
		Debug|Any CPU = Debug|Any CPU
		Release|Any CPU = Release|Any CPU
	EndGlobalSection
	GlobalSection(ProjectConfigurationPlatforms) = postSolution
		{FB62CA4D-5FFB-4A59-86C0-6ECA66FC67DB}.Debug|Any CPU.ActiveCfg = Debug|Any CPU
		{FB62CA4D-5FFB-4A59-86C0-6ECA66FC67DB}.Debug|Any CPU.Build.0 = Debug|Any CPU
		{FB62CA4D-5FFB-4A59-86C0-6ECA66FC67DB}.Release|Any CPU.ActiveCfg = Release|Any CPU
		{FB62CA4D-5FFB-4A59-86C0-6ECA66FC67DB}.Release|Any CPU.Build.0 = Release|Any CPU
	EndGlobalSection
	GlobalSection(SolutionProperties) = preSolution
		HideSolutionNode = FALSE
	EndGlobalSection
	GlobalSection(ExtensibilityGlobals) = postSolution
		SolutionGuid = {70F01908-7638-4D16-9C0F-ABE82B81E753}
	EndGlobalSection
EndGlobal
